
Microsoft Visual Studio Solution File, Format Version 12.00
# Visual Studio Version 16
VisualStudioVersion = 16.0.31019.35
MinimumVisualStudioVersion = 10.0.40219.1
Project("{9A19103F-16F7-4668-BE54-9A1E7A4F7556}") = "ConsoleApp1", "ConsoleApp1\ConsoleApp1.csproj", "{906FF18C-5ACA-44C4-8D0F-3E86E2980B3C}"
EndProject
Project("{FAE04EC0-301F-11D3-BF4B-00C04F79EFBC}") = "WindowsFormsApp1", "WindowsFormsApp1\WindowsFormsApp1.csproj", "{CC055AF9-B482-4C77-8674-3F0DFDA0855F}"
EndProject
Global
	GlobalSection(SolutionConfigurationPlatforms) = preSolution
		Debug|Any CPU = Debug|Any CPU
		Release|Any CPU = Release|Any CPU
	EndGlobalSection
	GlobalSection(ProjectConfigurationPlatforms) = postSolution
		{906FF18C-5ACA-44C4-8D0F-3E86E2980B3C}.Debug|Any CPU.ActiveCfg = Debug|Any CPU
		{906FF18C-5ACA-44C4-8D0F-3E86E2980B3C}.Debug|Any CPU.Build.0 = Debug|Any CPU
		{906FF18C-5ACA-44C4-8D0F-3E86E2980B3C}.Release|Any CPU.ActiveCfg = Release|Any CPU
		{906FF18C-5ACA-44C4-8D0F-3E86E2980B3C}.Release|Any CPU.Build.0 = Release|Any CPU
		{CC055AF9-B482-4C77-8674-3F0DFDA0855F}.Debug|Any CPU.ActiveCfg = Debug|Any CPU
		{CC055AF9-B482-4C77-8674-3F0DFDA0855F}.Debug|Any CPU.Build.0 = Debug|Any CPU
		{CC055AF9-B482-4C77-8674-3F0DFDA0855F}.Release|Any CPU.ActiveCfg = Release|Any CPU
		{CC055AF9-B482-4C77-8674-3F0DFDA0855F}.Release|Any CPU.Build.0 = Release|Any CPU
	EndGlobalSection
	GlobalSection(SolutionProperties) = preSolution
		HideSolutionNode = FALSE
	EndGlobalSection
	GlobalSection(ExtensibilityGlobals) = postSolution
		SolutionGuid = {C5CFAC6A-9B90-4635-A3DB-50F6E6F42544}
	EndGlobalSection
EndGlobal
