
Microsoft Visual Studio Solution File, Format Version 12.00
# Visual Studio Version 16
VisualStudioVersion = 16.0.31019.35
MinimumVisualStudioVersion = 10.0.40219.1
Project("{FAE04EC0-301F-11D3-BF4B-00C04F79EFBC}") = "ConsoleApp1", "ConsoleApp1.csproj", "{720D8506-2972-4EE3-8318-FAE9ABA2B46D}"
EndProject
Global
	GlobalSection(SolutionConfigurationPlatforms) = preSolution
		Debug|Any CPU = Debug|Any CPU
		Release|Any CPU = Release|Any CPU
	EndGlobalSection
	GlobalSection(ProjectConfigurationPlatforms) = postSolution
		{720D8506-2972-4EE3-8318-FAE9ABA2B46D}.Debug|Any CPU.ActiveCfg = Debug|Any CPU
		{720D8506-2972-4EE3-8318-FAE9ABA2B46D}.Debug|Any CPU.Build.0 = Debug|Any CPU
		{720D8506-2972-4EE3-8318-FAE9ABA2B46D}.Release|Any CPU.ActiveCfg = Release|Any CPU
		{720D8506-2972-4EE3-8318-FAE9ABA2B46D}.Release|Any CPU.Build.0 = Release|Any CPU
	EndGlobalSection
	GlobalSection(SolutionProperties) = preSolution
		HideSolutionNode = FALSE
	EndGlobalSection
	GlobalSection(ExtensibilityGlobals) = postSolution
		SolutionGuid = {65844585-6481-4D56-9496-7219DEBE34D1}
	EndGlobalSection
EndGlobal
